// !$*UTF8*$!
{
	archiveVersion = 1;
	classes = {
	};
	objectVersion = 50;
	objects = {

/* Begin PBXBuildFile section */
		081934A220DD4AB500AECA6A /* AppDelegate.swift in Sources */ = {isa = PBXBuildFile; fileRef = 081934A120DD4AB500AECA6A /* AppDelegate.swift */; };
		081934A420DD4AB500AECA6A /* ViewController.swift in Sources */ = {isa = PBXBuildFile; fileRef = 081934A320DD4AB500AECA6A /* ViewController.swift */; };
		081934A920DD4AB600AECA6A /* Assets.xcassets in Resources */ = {isa = PBXBuildFile; fileRef = 081934A820DD4AB600AECA6A /* Assets.xcassets */; };
		081934BA20DD504800AECA6A /* PacketTunnelProvider.swift in Sources */ = {isa = PBXBuildFile; fileRef = 081934B920DD504800AECA6A /* PacketTunnelProvider.swift */; };
		081934BF20DD504800AECA6A /* packetTunnel.appex in Embed App Extensions */ = {isa = PBXBuildFile; fileRef = 081934B720DD504700AECA6A /* packetTunnel.appex */; settings = {ATTRIBUTES = (RemoveHeadersOnCopy, ); }; };
		081934CA20DD518000AECA6A /* NetworkExtension.framework in Frameworks */ = {isa = PBXBuildFile; fileRef = 081934C920DD518000AECA6A /* NetworkExtension.framework */; };
		081934CE20DD51E100AECA6A /* OpenVPNAdapter.framework in Frameworks */ = {isa = PBXBuildFile; fileRef = 081934CB20DD51E000AECA6A /* OpenVPNAdapter.framework */; };
		081934D020DD51E100AECA6A /* KeychainAccess.framework in Frameworks */ = {isa = PBXBuildFile; fileRef = 081934CC20DD51E000AECA6A /* KeychainAccess.framework */; };
		08ED92A920DD6AC000D1F5AA /* Launch Screen.storyboard in Resources */ = {isa = PBXBuildFile; fileRef = 08ED92A820DD6AC000D1F5AA /* Launch Screen.storyboard */; };
		08ED92AE20DD6DC600D1F5AA /* Main.storyboard in Resources */ = {isa = PBXBuildFile; fileRef = 08ED92B020DD6DC600D1F5AA /* Main.storyboard */; };
/* End PBXBuildFile section */

/* Begin PBXContainerItemProxy section */
		081934BD20DD504800AECA6A /* PBXContainerItemProxy */ = {
			isa = PBXContainerItemProxy;
			containerPortal = 0819349620DD4AB500AECA6A /* Project object */;
			proxyType = 1;
			remoteGlobalIDString = 081934B620DD504700AECA6A;
			remoteInfo = packetTunnel;
		};
/* End PBXContainerItemProxy section */

/* Begin PBXCopyFilesBuildPhase section */
		081934C320DD504800AECA6A /* Embed App Extensions */ = {
			isa = PBXCopyFilesBuildPhase;
			buildActionMask = 2147483647;
			dstPath = "";
			dstSubfolderSpec = 13;
			files = (
				081934BF20DD504800AECA6A /* packetTunnel.appex in Embed App Extensions */,
			);
			name = "Embed App Extensions";
			runOnlyForDeploymentPostprocessing = 0;
		};
/* End PBXCopyFilesBuildPhase section */

/* Begin PBXFileReference section */
		0819349E20DD4AB500AECA6A /* jiyunSpeed.app */ = {isa = PBXFileReference; explicitFileType = wrapper.application; includeInIndex = 0; path = jiyunSpeed.app; sourceTree = BUILT_PRODUCTS_DIR; };
		081934A120DD4AB500AECA6A /* AppDelegate.swift */ = {isa = PBXFileReference; lastKnownFileType = sourcecode.swift; path = AppDelegate.swift; sourceTree = "<group>"; };
		081934A320DD4AB500AECA6A /* ViewController.swift */ = {isa = PBXFileReference; lastKnownFileType = sourcecode.swift; path = ViewController.swift; sourceTree = "<group>"; };
		081934A820DD4AB600AECA6A /* Assets.xcassets */ = {isa = PBXFileReference; lastKnownFileType = folder.assetcatalog; path = Assets.xcassets; sourceTree = "<group>"; };
		081934AD20DD4AB600AECA6A /* Info.plist */ = {isa = PBXFileReference; lastKnownFileType = text.plist.xml; path = Info.plist; sourceTree = "<group>"; };
		081934B720DD504700AECA6A /* packetTunnel.appex */ = {isa = PBXFileReference; explicitFileType = "wrapper.app-extension"; includeInIndex = 0; path = packetTunnel.appex; sourceTree = BUILT_PRODUCTS_DIR; };
		081934B920DD504800AECA6A /* PacketTunnelProvider.swift */ = {isa = PBXFileReference; lastKnownFileType = sourcecode.swift; path = PacketTunnelProvider.swift; sourceTree = "<group>"; };
		081934BB20DD504800AECA6A /* Info.plist */ = {isa = PBXFileReference; lastKnownFileType = text.plist.xml; path = Info.plist; sourceTree = "<group>"; };
		081934BC20DD504800AECA6A /* packetTunnel.entitlements */ = {isa = PBXFileReference; lastKnownFileType = text.plist.entitlements; path = packetTunnel.entitlements; sourceTree = "<group>"; };
		081934C720DD50E400AECA6A /* jiyunSpeed.entitlements */ = {isa = PBXFileReference; lastKnownFileType = text.plist.entitlements; path = jiyunSpeed.entitlements; sourceTree = "<group>"; };
		081934C920DD518000AECA6A /* NetworkExtension.framework */ = {isa = PBXFileReference; lastKnownFileType = wrapper.framework; name = NetworkExtension.framework; path = System/Library/Frameworks/NetworkExtension.framework; sourceTree = SDKROOT; };
		081934CB20DD51E000AECA6A /* OpenVPNAdapter.framework */ = {isa = PBXFileReference; lastKnownFileType = wrapper.framework; name = OpenVPNAdapter.framework; path = Carthage/Build/iOS/OpenVPNAdapter.framework; sourceTree = SOURCE_ROOT; };
		081934CC20DD51E000AECA6A /* KeychainAccess.framework */ = {isa = PBXFileReference; lastKnownFileType = wrapper.framework; name = KeychainAccess.framework; path = Carthage/Build/iOS/KeychainAccess.framework; sourceTree = SOURCE_ROOT; };
		08ED92A820DD6AC000D1F5AA /* Launch Screen.storyboard */ = {isa = PBXFileReference; lastKnownFileType = file.storyboard; path = "Launch Screen.storyboard"; sourceTree = "<group>"; };
		08ED92AF20DD6DC600D1F5AA /* Base */ = {isa = PBXFileReference; lastKnownFileType = file.storyboard; name = Base; path = Base.lproj/Main.storyboard; sourceTree = "<group>"; };
/* End PBXFileReference section */

/* Begin PBXFrameworksBuildPhase section */
		0819349B20DD4AB500AECA6A /* Frameworks */ = {
			isa = PBXFrameworksBuildPhase;
			buildActionMask = 2147483647;
			files = (
				081934CA20DD518000AECA6A /* NetworkExtension.framework in Frameworks */,
			);
			runOnlyForDeploymentPostprocessing = 0;
		};
		081934B420DD504700AECA6A /* Frameworks */ = {
			isa = PBXFrameworksBuildPhase;
			buildActionMask = 2147483647;
			files = (
				081934D020DD51E100AECA6A /* KeychainAccess.framework in Frameworks */,
				081934CE20DD51E100AECA6A /* OpenVPNAdapter.framework in Frameworks */,
			);
			runOnlyForDeploymentPostprocessing = 0;
		};
/* End PBXFrameworksBuildPhase section */

/* Begin PBXGroup section */
		0819349520DD4AB500AECA6A = {
			isa = PBXGroup;
			children = (
				081934A020DD4AB500AECA6A /* jiyunSpeed */,
				081934B820DD504800AECA6A /* packetTunnel */,
				0819349F20DD4AB500AECA6A /* Products */,
				081934C420DD50D800AECA6A /* Frameworks */,
			);
			sourceTree = "<group>";
		};
		0819349F20DD4AB500AECA6A /* Products */ = {
			isa = PBXGroup;
			children = (
				0819349E20DD4AB500AECA6A /* jiyunSpeed.app */,
				081934B720DD504700AECA6A /* packetTunnel.appex */,
			);
			name = Products;
			sourceTree = "<group>";
		};
		081934A020DD4AB500AECA6A /* jiyunSpeed */ = {
			isa = PBXGroup;
			children = (
				08ED92B020DD6DC600D1F5AA /* Main.storyboard */,
				081934CC20DD51E000AECA6A /* KeychainAccess.framework */,
				081934CB20DD51E000AECA6A /* OpenVPNAdapter.framework */,
				081934C720DD50E400AECA6A /* jiyunSpeed.entitlements */,
				081934A120DD4AB500AECA6A /* AppDelegate.swift */,
				081934A320DD4AB500AECA6A /* ViewController.swift */,
				081934A820DD4AB600AECA6A /* Assets.xcassets */,
				081934AD20DD4AB600AECA6A /* Info.plist */,
				08ED92A820DD6AC000D1F5AA /* Launch Screen.storyboard */,
			);
			path = jiyunSpeed;
			sourceTree = "<group>";
		};
		081934B820DD504800AECA6A /* packetTunnel */ = {
			isa = PBXGroup;
			children = (
				081934B920DD504800AECA6A /* PacketTunnelProvider.swift */,
				081934BB20DD504800AECA6A /* Info.plist */,
				081934BC20DD504800AECA6A /* packetTunnel.entitlements */,
			);
			path = packetTunnel;
			sourceTree = "<group>";
		};
		081934C420DD50D800AECA6A /* Frameworks */ = {
			isa = PBXGroup;
			children = (
				081934C920DD518000AECA6A /* NetworkExtension.framework */,
			);
			name = Frameworks;
			sourceTree = "<group>";
		};
/* End PBXGroup section */

/* Begin PBXNativeTarget section */
		0819349D20DD4AB500AECA6A /* jiyunSpeed */ = {
			isa = PBXNativeTarget;
			buildConfigurationList = 081934B020DD4AB600AECA6A /* Build configuration list for PBXNativeTarget "jiyunSpeed" */;
			buildPhases = (
				0819349A20DD4AB500AECA6A /* Sources */,
				0819349B20DD4AB500AECA6A /* Frameworks */,
				0819349C20DD4AB500AECA6A /* Resources */,
				081934C320DD504800AECA6A /* Embed App Extensions */,
			);
			buildRules = (
			);
			dependencies = (
				081934BE20DD504800AECA6A /* PBXTargetDependency */,
			);
			name = jiyunSpeed;
			productName = jiyunSpeed;
			productReference = 0819349E20DD4AB500AECA6A /* jiyunSpeed.app */;
			productType = "com.apple.product-type.application";
		};
		081934B620DD504700AECA6A /* packetTunnel */ = {
			isa = PBXNativeTarget;
			buildConfigurationList = 081934C020DD504800AECA6A /* Build configuration list for PBXNativeTarget "packetTunnel" */;
			buildPhases = (
				081934B320DD504700AECA6A /* Sources */,
				081934B420DD504700AECA6A /* Frameworks */,
				081934B520DD504700AECA6A /* Resources */,
			);
			buildRules = (
			);
			dependencies = (
			);
			name = packetTunnel;
			productName = packetTunnel;
			productReference = 081934B720DD504700AECA6A /* packetTunnel.appex */;
			productType = "com.apple.product-type.app-extension";
		};
/* End PBXNativeTarget section */

/* Begin PBXProject section */
		0819349620DD4AB500AECA6A /* Project object */ = {
			isa = PBXProject;
			attributes = {
				LastSwiftUpdateCheck = 0940;
				LastUpgradeCheck = 0940;
				ORGANIZATIONNAME = "Jorah Li";
				TargetAttributes = {
					0819349D20DD4AB500AECA6A = {
						CreatedOnToolsVersion = 9.4;
						SystemCapabilities = {
							com.apple.ApplicationGroups.iOS = {
								enabled = 1;
							};
							com.apple.NetworkExtensions.iOS = {
								enabled = 1;
							};
							com.apple.VPNLite = {
								enabled = 1;
							};
						};
					};
					081934B620DD504700AECA6A = {
						CreatedOnToolsVersion = 9.4;
						SystemCapabilities = {
							com.apple.NetworkExtensions.iOS = {
								enabled = 1;
							};
						};
					};
				};
			};
			buildConfigurationList = 0819349920DD4AB500AECA6A /* Build configuration list for PBXProject "jiyunSpeed" */;
			compatibilityVersion = "Xcode 9.3";
			developmentRegion = en;
			hasScannedForEncodings = 0;
			knownRegions = (
				en,
				Base,
			);
			mainGroup = 0819349520DD4AB500AECA6A;
			productRefGroup = 0819349F20DD4AB500AECA6A /* Products */;
			projectDirPath = "";
			projectRoot = "";
			targets = (
				0819349D20DD4AB500AECA6A /* jiyunSpeed */,
				081934B620DD504700AECA6A /* packetTunnel */,
			);
		};
/* End PBXProject section */

/* Begin PBXResourcesBuildPhase section */
		0819349C20DD4AB500AECA6A /* Resources */ = {
			isa = PBXResourcesBuildPhase;
			buildActionMask = 2147483647;
			files = (
				08ED92AE20DD6DC600D1F5AA /* Main.storyboard in Resources */,
				08ED92A920DD6AC000D1F5AA /* Launch Screen.storyboard in Resources */,
				081934A920DD4AB600AECA6A /* Assets.xcassets in Resources */,
			);
			runOnlyForDeploymentPostprocessing = 0;
		};
		081934B520DD504700AECA6A /* Resources */ = {
			isa = PBXResourcesBuildPhase;
			buildActionMask = 2147483647;
			files = (
			);
			runOnlyForDeploymentPostprocessing = 0;
		};
/* End PBXResourcesBuildPhase section */

/* Begin PBXSourcesBuildPhase section */
		0819349A20DD4AB500AECA6A /* Sources */ = {
			isa = PBXSourcesBuildPhase;
			buildActionMask = 2147483647;
			files = (
				081934A420DD4AB500AECA6A /* ViewController.swift in Sources */,
				081934A220DD4AB500AECA6A /* AppDelegate.swift in Sources */,
			);
			runOnlyForDeploymentPostprocessing = 0;
		};
		081934B320DD504700AECA6A /* Sources */ = {
			isa = PBXSourcesBuildPhase;
			buildActionMask = 2147483647;
			files = (
				081934BA20DD504800AECA6A /* PacketTunnelProvider.swift in Sources */,
			);
			runOnlyForDeploymentPostprocessing = 0;
		};
/* End PBXSourcesBuildPhase section */

/* Begin PBXTargetDependency section */
		081934BE20DD504800AECA6A /* PBXTargetDependency */ = {
			isa = PBXTargetDependency;
			target = 081934B620DD504700AECA6A /* packetTunnel */;
			targetProxy = 081934BD20DD504800AECA6A /* PBXContainerItemProxy */;
		};
/* End PBXTargetDependency section */

/* Begin PBXVariantGroup section */
		08ED92B020DD6DC600D1F5AA /* Main.storyboard */ = {
			isa = PBXVariantGroup;
			children = (
				08ED92AF20DD6DC600D1F5AA /* Base */,
			);
			name = Main.storyboard;
			sourceTree = "<group>";
		};
/* End PBXVariantGroup section */

/* Begin XCBuildConfiguration section */
		081934AE20DD4AB600AECA6A /* Debug */ = {
			isa = XCBuildConfiguration;
			buildSettings = {
				ALWAYS_SEARCH_USER_PATHS = NO;
				CLANG_ANALYZER_NONNULL = YES;
				CLANG_ANALYZER_NUMBER_OBJECT_CONVERSION = YES_AGGRESSIVE;
				CLANG_CXX_LANGUAGE_STANDARD = "gnu++14";
				CLANG_CXX_LIBRARY = "libc++";
				CLANG_ENABLE_MODULES = YES;
				CLANG_ENABLE_OBJC_ARC = YES;
				CLANG_ENABLE_OBJC_WEAK = YES;
				CLANG_WARN_BLOCK_CAPTURE_AUTORELEASING = YES;
				CLANG_WARN_BOOL_CONVERSION = YES;
				CLANG_WARN_COMMA = YES;
				CLANG_WARN_CONSTANT_CONVERSION = YES;
				CLANG_WARN_DEPRECATED_OBJC_IMPLEMENTATIONS = YES;
				CLANG_WARN_DIRECT_OBJC_ISA_USAGE = YES_ERROR;
				CLANG_WARN_DOCUMENTATION_COMMENTS = YES;
				CLANG_WARN_EMPTY_BODY = YES;
				CLANG_WARN_ENUM_CONVERSION = YES;
				CLANG_WARN_INFINITE_RECURSION = YES;
				CLANG_WARN_INT_CONVERSION = YES;
				CLANG_WARN_NON_LITERAL_NULL_CONVERSION = YES;
				CLANG_WARN_OBJC_IMPLICIT_RETAIN_SELF = YES;
				CLANG_WARN_OBJC_LITERAL_CONVERSION = YES;
				CLANG_WARN_OBJC_ROOT_CLASS = YES_ERROR;
				CLANG_WARN_RANGE_LOOP_ANALYSIS = YES;
				CLANG_WARN_STRICT_PROTOTYPES = YES;
				CLANG_WARN_SUSPICIOUS_MOVE = YES;
				CLANG_WARN_UNGUARDED_AVAILABILITY = YES_AGGRESSIVE;
				CLANG_WARN_UNREACHABLE_CODE = YES;
				CLANG_WARN__DUPLICATE_METHOD_MATCH = YES;
				CODE_SIGN_IDENTITY = "iPhone Developer";
				COPY_PHASE_STRIP = NO;
				DEBUG_INFORMATION_FORMAT = dwarf;
				ENABLE_STRICT_OBJC_MSGSEND = YES;
				ENABLE_TESTABILITY = YES;
				GCC_C_LANGUAGE_STANDARD = gnu11;
				GCC_DYNAMIC_NO_PIC = NO;
				GCC_NO_COMMON_BLOCKS = YES;
				GCC_OPTIMIZATION_LEVEL = 0;
				GCC_PREPROCESSOR_DEFINITIONS = (
					"DEBUG=1",
					"$(inherited)",
				);
				GCC_WARN_64_TO_32_BIT_CONVERSION = YES;
				GCC_WARN_ABOUT_RETURN_TYPE = YES_ERROR;
				GCC_WARN_UNDECLARED_SELECTOR = YES;
				GCC_WARN_UNINITIALIZED_AUTOS = YES_AGGRESSIVE;
				GCC_WARN_UNUSED_FUNCTION = YES;
				GCC_WARN_UNUSED_VARIABLE = YES;
				IPHONEOS_DEPLOYMENT_TARGET = 11.4;
				MTL_ENABLE_DEBUG_INFO = YES;
				ONLY_ACTIVE_ARCH = YES;
				SDKROOT = iphoneos;
				SWIFT_ACTIVE_COMPILATION_CONDITIONS = DEBUG;
				SWIFT_OPTIMIZATION_LEVEL = "-Onone";
			};
			name = Debug;
		};
		081934AF20DD4AB600AECA6A /* Release */ = {
			isa = XCBuildConfiguration;
			buildSettings = {
				ALWAYS_SEARCH_USER_PATHS = NO;
				CLANG_ANALYZER_NONNULL = YES;
				CLANG_ANALYZER_NUMBER_OBJECT_CONVERSION = YES_AGGRESSIVE;
				CLANG_CXX_LANGUAGE_STANDARD = "gnu++14";
				CLANG_CXX_LIBRARY = "libc++";
				CLANG_ENABLE_MODULES = YES;
				CLANG_ENABLE_OBJC_ARC = YES;
				CLANG_ENABLE_OBJC_WEAK = YES;
				CLANG_WARN_BLOCK_CAPTURE_AUTORELEASING = YES;
				CLANG_WARN_BOOL_CONVERSION = YES;
				CLANG_WARN_COMMA = YES;
				CLANG_WARN_CONSTANT_CONVERSION = YES;
				CLANG_WARN_DEPRECATED_OBJC_IMPLEMENTATIONS = YES;
				CLANG_WARN_DIRECT_OBJC_ISA_USAGE = YES_ERROR;
				CLANG_WARN_DOCUMENTATION_COMMENTS = YES;
				CLANG_WARN_EMPTY_BODY = YES;
				CLANG_WARN_ENUM_CONVERSION = YES;
				CLANG_WARN_INFINITE_RECURSION = YES;
				CLANG_WARN_INT_CONVERSION = YES;
				CLANG_WARN_NON_LITERAL_NULL_CONVERSION = YES;
				CLANG_WARN_OBJC_IMPLICIT_RETAIN_SELF = YES;
				CLANG_WARN_OBJC_LITERAL_CONVERSION = YES;
				CLANG_WARN_OBJC_ROOT_CLASS = YES_ERROR;
				CLANG_WARN_RANGE_LOOP_ANALYSIS = YES;
				CLANG_WARN_STRICT_PROTOTYPES = YES;
				CLANG_WARN_SUSPICIOUS_MOVE = YES;
				CLANG_WARN_UNGUARDED_AVAILABILITY = YES_AGGRESSIVE;
				CLANG_WARN_UNREACHABLE_CODE = YES;
				CLANG_WARN__DUPLICATE_METHOD_MATCH = YES;
				CODE_SIGN_IDENTITY = "iPhone Developer";
				COPY_PHASE_STRIP = NO;
				DEBUG_INFORMATION_FORMAT = "dwarf-with-dsym";
				ENABLE_NS_ASSERTIONS = NO;
				ENABLE_STRICT_OBJC_MSGSEND = YES;
				GCC_C_LANGUAGE_STANDARD = gnu11;
				GCC_NO_COMMON_BLOCKS = YES;
				GCC_WARN_64_TO_32_BIT_CONVERSION = YES;
				GCC_WARN_ABOUT_RETURN_TYPE = YES_ERROR;
				GCC_WARN_UNDECLARED_SELECTOR = YES;
				GCC_WARN_UNINITIALIZED_AUTOS = YES_AGGRESSIVE;
				GCC_WARN_UNUSED_FUNCTION = YES;
				GCC_WARN_UNUSED_VARIABLE = YES;
				IPHONEOS_DEPLOYMENT_TARGET = 11.4;
				MTL_ENABLE_DEBUG_INFO = NO;
				SDKROOT = iphoneos;
				SWIFT_COMPILATION_MODE = wholemodule;
				SWIFT_OPTIMIZATION_LEVEL = "-O";
				VALIDATE_PRODUCT = YES;
			};
			name = Release;
		};
		081934B120DD4AB600AECA6A /* Debug */ = {
			isa = XCBuildConfiguration;
			buildSettings = {
				ALWAYS_EMBED_SWIFT_STANDARD_LIBRARIES = YES;
				ASSETCATALOG_COMPILER_APPICON_NAME = AppIcon;
				CODE_SIGN_ENTITLEMENTS = jiyunSpeed/jiyunSpeed.entitlements;
				CODE_SIGN_STYLE = Automatic;
				DEVELOPMENT_TEAM = 86255LNSFB;
				FRAMEWORK_SEARCH_PATHS = (
					"$(inherited)",
					"$(PROJECT_DIR)/Carthage/Build/iOS",
				);
				INFOPLIST_FILE = jiyunSpeed/Info.plist;
				LD_RUNPATH_SEARCH_PATHS = (
					"$(inherited)",
					"@executable_path/Frameworks",
				);
				PRODUCT_BUNDLE_IDENTIFIER = org.com.jiyunSpeed.net;
				PRODUCT_NAME = "$(TARGET_NAME)";
				SWIFT_VERSION = 4.0;
				TARGETED_DEVICE_FAMILY = "1,2";
			};
			name = Debug;
		};
		081934B220DD4AB600AECA6A /* Release */ = {
			isa = XCBuildConfiguration;
			buildSettings = {
				ALWAYS_EMBED_SWIFT_STANDARD_LIBRARIES = YES;
				ASSETCATALOG_COMPILER_APPICON_NAME = AppIcon;
				CODE_SIGN_ENTITLEMENTS = jiyunSpeed/jiyunSpeed.entitlements;
				CODE_SIGN_STYLE = Automatic;
				DEVELOPMENT_TEAM = 86255LNSFB;
				FRAMEWORK_SEARCH_PATHS = (
					"$(inherited)",
					"$(PROJECT_DIR)/Carthage/Build/iOS",
				);
				INFOPLIST_FILE = jiyunSpeed/Info.plist;
				LD_RUNPATH_SEARCH_PATHS = (
					"$(inherited)",
					"@executable_path/Frameworks",
				);
				PRODUCT_BUNDLE_IDENTIFIER = org.com.jiyunSpeed.net;
				PRODUCT_NAME = "$(TARGET_NAME)";
				SWIFT_VERSION = 4.0;
				TARGETED_DEVICE_FAMILY = "1,2";
			};
			name = Release;
		};
		081934C120DD504800AECA6A /* Debug */ = {
			isa = XCBuildConfiguration;
			buildSettings = {
				CODE_SIGN_ENTITLEMENTS = packetTunnel/packetTunnel.entitlements;
				CODE_SIGN_STYLE = Automatic;
				DEVELOPMENT_TEAM = 86255LNSFB;
				FRAMEWORK_SEARCH_PATHS = (
					"$(inherited)",
					"$(PROJECT_DIR)/Carthage/Build/iOS",
				);
				INFOPLIST_FILE = packetTunnel/Info.plist;
				LD_RUNPATH_SEARCH_PATHS = (
					"$(inherited)",
					"@executable_path/Frameworks",
					"@executable_path/../../Frameworks",
				);
				PRODUCT_BUNDLE_IDENTIFIER = org.com.jiyunSpeed.net.packetTunnel;
				PRODUCT_NAME = "$(TARGET_NAME)";
				SKIP_INSTALL = YES;
				SWIFT_VERSION = 4.0;
				TARGETED_DEVICE_FAMILY = "1,2";
			};
			name = Debug;
		};
		081934C220DD504800AECA6A /* Release */ = {
			isa = XCBuildConfiguration;
			buildSettings = {
				CODE_SIGN_ENTITLEMENTS = packetTunnel/packetTunnel.entitlements;
				CODE_SIGN_STYLE = Automatic;
				DEVELOPMENT_TEAM = 86255LNSFB;
				FRAMEWORK_SEARCH_PATHS = (
					"$(inherited)",
					"$(PROJECT_DIR)/Carthage/Build/iOS",
				);
				INFOPLIST_FILE = packetTunnel/Info.plist;
				LD_RUNPATH_SEARCH_PATHS = (
					"$(inherited)",
					"@executable_path/Frameworks",
					"@executable_path/../../Frameworks",
				);
				PRODUCT_BUNDLE_IDENTIFIER = org.com.jiyunSpeed.net.packetTunnel;
				PRODUCT_NAME = "$(TARGET_NAME)";
				SKIP_INSTALL = YES;
				SWIFT_VERSION = 4.0;
				TARGETED_DEVICE_FAMILY = "1,2";
			};
			name = Release;
		};
/* End XCBuildConfiguration section */

/* Begin XCConfigurationList section */
		0819349920DD4AB500AECA6A /* Build configuration list for PBXProject "jiyunSpeed" */ = {
			isa = XCConfigurationList;
			buildConfigurations = (
				081934AE20DD4AB600AECA6A /* Debug */,
				081934AF20DD4AB600AECA6A /* Release */,
			);
			defaultConfigurationIsVisible = 0;
			defaultConfigurationName = Release;
		};
		081934B020DD4AB600AECA6A /* Build configuration list for PBXNativeTarget "jiyunSpeed" */ = {
			isa = XCConfigurationList;
			buildConfigurations = (
				081934B120DD4AB600AECA6A /* Debug */,
				081934B220DD4AB600AECA6A /* Release */,
			);
			defaultConfigurationIsVisible = 0;
			defaultConfigurationName = Release;
		};
		081934C020DD504800AECA6A /* Build configuration list for PBXNativeTarget "packetTunnel" */ = {
			isa = XCConfigurationList;
			buildConfigurations = (
				081934C120DD504800AECA6A /* Debug */,
				081934C220DD504800AECA6A /* Release */,
			);
			defaultConfigurationIsVisible = 0;
			defaultConfigurationName = Release;
		};
/* End XCConfigurationList section */
	};
	rootObject = 0819349620DD4AB500AECA6A /* Project object */;
}
